{
  "nodes": {
    "nix-vite-plus": {
      "inputs": {
        "nixpkgs": [
          "nixpkgs"
        ]
      },
      "locked": {
        "lastModified": 1781875589,
        "narHash": "sha256-8CWrloMR++Ug6luDkGiicm5NtOWYc9n79e8cym8yop8=",
        "owner": "ryoppippi",
        "repo": "nix-vite-plus",
        "rev": "913c3cee4cb595d133678fb8438ca08f7286e23e",
        "type": "github"
      },
      "original": {
        "owner": "ryoppippi",
        "repo": "nix-vite-plus",
        "type": "github"
      }
    },
    "nixpkgs": {
      "locked": {
        "lastModified": 1782666739,
        "narHash": "sha256-2CYuaRDT7hcYnGW+3TTTy+fNnY4jQ6/mGk6ew035XP4=",
        "owner": "nixos",
        "repo": "nixpkgs",
        "rev": "534ee3d8beb1737b5342995f8837e2b2705ce0d8",
        "type": "github"
      },
      "original": {
        "owner": "nixos",
        "ref": "nixpkgs-unstable",
        "repo": "nixpkgs",
        "type": "github"
      }
    },
    "root": {
      "inputs": {
        "nix-vite-plus": "nix-vite-plus",
        "nixpkgs": "nixpkgs",
        "treefmt-nix": "treefmt-nix"
      }
    },
    "treefmt-nix": {
      "inputs": {
        "nixpkgs": [
          "nixpkgs"
        ]
      },
      "locked": {
        "lastModified": 1780220602,
        "narHash": "sha256-eynAfOmbmxJnkp7YewvCEbShNnnYJ9gLLqkzsYtBPeM=",
        "owner": "numtide",
        "repo": "treefmt-nix",
        "rev": "db947814a175b7ca6ded66e21383d938df01c227",
        "type": "github"
      },
      "original": {
        "owner": "numtide",
        "repo": "treefmt-nix",
        "type": "github"
      }
    }
  },
  "root": "root",
  "version": 7
}
